
Microsoft Visual Studio Solution File, Format Version 12.00
# Visual Studio Version 16
VisualStudioVersion = 16.0.30517.126
MinimumVisualStudioVersion = 10.0.40219.1
Project("{FAE04EC0-301F-11D3-BF4B-00C04F79EFBC}") = "CatsAndDogsApp", "CatsAndDogsApp\CatsAndDogsApp.csproj", "{1D8DB41F-FF16-4C88-AB71-D8A3FFB3559A}"
EndProject
Global
	GlobalSection(SolutionConfigurationPlatforms) = preSolution
		Debug|Any CPU = Debug|Any CPU
		Release|Any CPU = Release|Any CPU
	EndGlobalSection
	GlobalSection(ProjectConfigurationPlatforms) = postSolution
		{1D8DB41F-FF16-4C88-AB71-D8A3FFB3559A}.Debug|Any CPU.ActiveCfg = Debug|Any CPU
		{1D8DB41F-FF16-4C88-AB71-D8A3FFB3559A}.Debug|Any CPU.Build.0 = Debug|Any CPU
		{1D8DB41F-FF16-4C88-AB71-D8A3FFB3559A}.Release|Any CPU.ActiveCfg = Release|Any CPU
		{1D8DB41F-FF16-4C88-AB71-D8A3FFB3559A}.Release|Any CPU.Build.0 = Release|Any CPU
	EndGlobalSection
	GlobalSection(SolutionProperties) = preSolution
		HideSolutionNode = FALSE
	EndGlobalSection
	GlobalSection(ExtensibilityGlobals) = postSolution
		SolutionGuid = {259DCC47-2BC2-4F34-B4CF-633488B81D71}
	EndGlobalSection
EndGlobal
